
Microsoft Visual Studio Solution File, Format Version 12.00
# Visual Studio Version 16
VisualStudioVersion = 16.0.31702.278
MinimumVisualStudioVersion = 10.0.40219.1
Project("{FAE04EC0-301F-11D3-BF4B-00C04F79EFBC}") = "ServiceMtk-P1-048", "ServiceMtk-P1-048\ServiceMtk-P1-048.csproj", "{955CA0D0-BEA7-48D3-A30E-E8F72F3A8688}"
EndProject
Global
	GlobalSection(SolutionConfigurationPlatforms) = preSolution
		Debug|Any CPU = Debug|Any CPU
		Release|Any CPU = Release|Any CPU
	EndGlobalSection
	GlobalSection(ProjectConfigurationPlatforms) = postSolution
		{955CA0D0-BEA7-48D3-A30E-E8F72F3A8688}.Debug|Any CPU.ActiveCfg = Debug|Any CPU
		{955CA0D0-BEA7-48D3-A30E-E8F72F3A8688}.Debug|Any CPU.Build.0 = Debug|Any CPU
		{955CA0D0-BEA7-48D3-A30E-E8F72F3A8688}.Release|Any CPU.ActiveCfg = Release|Any CPU
		{955CA0D0-BEA7-48D3-A30E-E8F72F3A8688}.Release|Any CPU.Build.0 = Release|Any CPU
	EndGlobalSection
	GlobalSection(SolutionProperties) = preSolution
		HideSolutionNode = FALSE
	EndGlobalSection
	GlobalSection(ExtensibilityGlobals) = postSolution
		SolutionGuid = {691AE060-98CE-4998-9442-EF2F21107336}
	EndGlobalSection
EndGlobal
